{
  "pins" : [
    {
      "identity" : "bugsnag-cocoa",
      "kind" : "remoteSourceControl",
      "location" : "https://github.com/bugsnag/bugsnag-cocoa",
      "state" : {
        "revision" : "6f3c48750a8b491eb15db8d379fa9eb5a374c063",
        "version" : "6.24.0"
      }
    },
    {
      "identity" : "mixpanel-swift",
      "kind" : "remoteSourceControl",
      "location" : "https://github.com/mixpanel/mixpanel-swift",
      "state" : {
        "branch" : "master",
        "revision" : "770953c8d6bddd03afc4b85491800cb60bd52f00"
      }
    },
    {
      "identity" : "testfairy-ios-sdk-swift-package",
      "kind" : "remoteSourceControl",
      "location" : "https://github.com/testfairy/testfairy-ios-sdk-swift-package",
      "state" : {
        "revision" : "0b88eeea5679ab9752a4d416fcc2c66c7691dc0f",
        "version" : "1.29.9"
      }
    }
  ],
  "version" : 2
}
